
Microsoft Visual Studio Solution File, Format Version 12.00
# Visual Studio Version 16
VisualStudioVersion = 16.0.31624.102
MinimumVisualStudioVersion = 10.0.40219.1
Project("{FAE04EC0-301F-11D3-BF4B-00C04F79EFBC}") = "SQL-Task", "SQL-Task.csproj", "{EEEDEE3F-0D95-49AB-8D64-8FDA1BC65098}"
EndProject
Global
	GlobalSection(SolutionConfigurationPlatforms) = preSolution
		Debug|Any CPU = Debug|Any CPU
		Release|Any CPU = Release|Any CPU
	EndGlobalSection
	GlobalSection(ProjectConfigurationPlatforms) = postSolution
		{EEEDEE3F-0D95-49AB-8D64-8FDA1BC65098}.Debug|Any CPU.ActiveCfg = Debug|Any CPU
		{EEEDEE3F-0D95-49AB-8D64-8FDA1BC65098}.Debug|Any CPU.Build.0 = Debug|Any CPU
		{EEEDEE3F-0D95-49AB-8D64-8FDA1BC65098}.Release|Any CPU.ActiveCfg = Release|Any CPU
		{EEEDEE3F-0D95-49AB-8D64-8FDA1BC65098}.Release|Any CPU.Build.0 = Release|Any CPU
	EndGlobalSection
	GlobalSection(SolutionProperties) = preSolution
		HideSolutionNode = FALSE
	EndGlobalSection
	GlobalSection(ExtensibilityGlobals) = postSolution
		SolutionGuid = {D129AF92-1C6E-4B11-8D61-BAE9C44AEE14}
	EndGlobalSection
EndGlobal
